
Microsoft Visual Studio Solution File, Format Version 12.00
# Visual Studio Version 17
VisualStudioVersion = 17.4.33205.214
MinimumVisualStudioVersion = 10.0.40219.1
Project("{FAE04EC0-301F-11D3-BF4B-00C04F79EFBC}") = "Repetition", "Repetition\Repetition.csproj", "{27CB58C1-84A0-4FE0-BE46-410200ECCEF3}"
EndProject
Global
	GlobalSection(SolutionConfigurationPlatforms) = preSolution
		Debug|Any CPU = Debug|Any CPU
		Release|Any CPU = Release|Any CPU
	EndGlobalSection
	GlobalSection(ProjectConfigurationPlatforms) = postSolution
		{27CB58C1-84A0-4FE0-BE46-410200ECCEF3}.Debug|Any CPU.ActiveCfg = Debug|Any CPU
		{27CB58C1-84A0-4FE0-BE46-410200ECCEF3}.Debug|Any CPU.Build.0 = Debug|Any CPU
		{27CB58C1-84A0-4FE0-BE46-410200ECCEF3}.Release|Any CPU.ActiveCfg = Release|Any CPU
		{27CB58C1-84A0-4FE0-BE46-410200ECCEF3}.Release|Any CPU.Build.0 = Release|Any CPU
	EndGlobalSection
	GlobalSection(SolutionProperties) = preSolution
		HideSolutionNode = FALSE
	EndGlobalSection
	GlobalSection(ExtensibilityGlobals) = postSolution
		SolutionGuid = {CEF64F11-99A4-4A4A-BC7F-89B9CAF5261B}
	EndGlobalSection
EndGlobal
