
Microsoft Visual Studio Solution File, Format Version 12.00
# Visual Studio Version 17
VisualStudioVersion = 17.4.33205.214
MinimumVisualStudioVersion = 10.0.40219.1
Project("{FAE04EC0-301F-11D3-BF4B-00C04F79EFBC}") = "Array", "Array\Array.csproj", "{4A0AD320-EA9D-4080-A70D-A3F621C0F904}"
EndProject
Global
	GlobalSection(SolutionConfigurationPlatforms) = preSolution
		Debug|Any CPU = Debug|Any CPU
		Release|Any CPU = Release|Any CPU
	EndGlobalSection
	GlobalSection(ProjectConfigurationPlatforms) = postSolution
		{4A0AD320-EA9D-4080-A70D-A3F621C0F904}.Debug|Any CPU.ActiveCfg = Debug|Any CPU
		{4A0AD320-EA9D-4080-A70D-A3F621C0F904}.Debug|Any CPU.Build.0 = Debug|Any CPU
		{4A0AD320-EA9D-4080-A70D-A3F621C0F904}.Release|Any CPU.ActiveCfg = Release|Any CPU
		{4A0AD320-EA9D-4080-A70D-A3F621C0F904}.Release|Any CPU.Build.0 = Release|Any CPU
	EndGlobalSection
	GlobalSection(SolutionProperties) = preSolution
		HideSolutionNode = FALSE
	EndGlobalSection
	GlobalSection(ExtensibilityGlobals) = postSolution
		SolutionGuid = {3055B044-B349-4455-B73F-AD62B70F977C}
	EndGlobalSection
EndGlobal
