
Microsoft Visual Studio Solution File, Format Version 12.00
# Visual Studio Version 17
VisualStudioVersion = 17.4.33205.214
MinimumVisualStudioVersion = 10.0.40219.1
Project("{FAE04EC0-301F-11D3-BF4B-00C04F79EFBC}") = "Konstruktor", "Konstruktor\Konstruktor.csproj", "{631BA05C-7BE1-4E39-9E3A-0CAF323682EF}"
EndProject
Global
	GlobalSection(SolutionConfigurationPlatforms) = preSolution
		Debug|Any CPU = Debug|Any CPU
		Release|Any CPU = Release|Any CPU
	EndGlobalSection
	GlobalSection(ProjectConfigurationPlatforms) = postSolution
		{631BA05C-7BE1-4E39-9E3A-0CAF323682EF}.Debug|Any CPU.ActiveCfg = Debug|Any CPU
		{631BA05C-7BE1-4E39-9E3A-0CAF323682EF}.Debug|Any CPU.Build.0 = Debug|Any CPU
		{631BA05C-7BE1-4E39-9E3A-0CAF323682EF}.Release|Any CPU.ActiveCfg = Release|Any CPU
		{631BA05C-7BE1-4E39-9E3A-0CAF323682EF}.Release|Any CPU.Build.0 = Release|Any CPU
	EndGlobalSection
	GlobalSection(SolutionProperties) = preSolution
		HideSolutionNode = FALSE
	EndGlobalSection
	GlobalSection(ExtensibilityGlobals) = postSolution
		SolutionGuid = {20AF5201-EE41-4494-BB32-EC7BECCC6195}
	EndGlobalSection
EndGlobal
