
Microsoft Visual Studio Solution File, Format Version 12.00
# Visual Studio Version 17
VisualStudioVersion = 17.4.33205.214
MinimumVisualStudioVersion = 10.0.40219.1
Project("{FAE04EC0-301F-11D3-BF4B-00C04F79EFBC}") = "Aufgabe_07", "Aufgabe_07\Aufgabe_07.csproj", "{F428F024-AD4A-4B83-B0B0-4A2AD43F5C5A}"
EndProject
Global
	GlobalSection(SolutionConfigurationPlatforms) = preSolution
		Debug|Any CPU = Debug|Any CPU
		Release|Any CPU = Release|Any CPU
	EndGlobalSection
	GlobalSection(ProjectConfigurationPlatforms) = postSolution
		{F428F024-AD4A-4B83-B0B0-4A2AD43F5C5A}.Debug|Any CPU.ActiveCfg = Debug|Any CPU
		{F428F024-AD4A-4B83-B0B0-4A2AD43F5C5A}.Debug|Any CPU.Build.0 = Debug|Any CPU
		{F428F024-AD4A-4B83-B0B0-4A2AD43F5C5A}.Release|Any CPU.ActiveCfg = Release|Any CPU
		{F428F024-AD4A-4B83-B0B0-4A2AD43F5C5A}.Release|Any CPU.Build.0 = Release|Any CPU
	EndGlobalSection
	GlobalSection(SolutionProperties) = preSolution
		HideSolutionNode = FALSE
	EndGlobalSection
	GlobalSection(ExtensibilityGlobals) = postSolution
		SolutionGuid = {98EC6878-7C45-4016-ABB4-87F9C9DE3D0D}
	EndGlobalSection
EndGlobal
