
Microsoft Visual Studio Solution File, Format Version 12.00
# Visual Studio Version 17
VisualStudioVersion = 17.4.33205.214
MinimumVisualStudioVersion = 10.0.40219.1
Project("{FAE04EC0-301F-11D3-BF4B-00C04F79EFBC}") = "Hello World", "Hello World\Hello World.csproj", "{50F59A43-449D-4A4E-A560-084DC4B125C4}"
EndProject
Global
	GlobalSection(SolutionConfigurationPlatforms) = preSolution
		Debug|Any CPU = Debug|Any CPU
		Release|Any CPU = Release|Any CPU
	EndGlobalSection
	GlobalSection(ProjectConfigurationPlatforms) = postSolution
		{50F59A43-449D-4A4E-A560-084DC4B125C4}.Debug|Any CPU.ActiveCfg = Debug|Any CPU
		{50F59A43-449D-4A4E-A560-084DC4B125C4}.Debug|Any CPU.Build.0 = Debug|Any CPU
		{50F59A43-449D-4A4E-A560-084DC4B125C4}.Release|Any CPU.ActiveCfg = Release|Any CPU
		{50F59A43-449D-4A4E-A560-084DC4B125C4}.Release|Any CPU.Build.0 = Release|Any CPU
	EndGlobalSection
	GlobalSection(SolutionProperties) = preSolution
		HideSolutionNode = FALSE
	EndGlobalSection
	GlobalSection(ExtensibilityGlobals) = postSolution
		SolutionGuid = {1ECF31E1-5D74-4F85-A078-9C5477C2F428}
	EndGlobalSection
EndGlobal
