
Microsoft Visual Studio Solution File, Format Version 12.00
# Visual Studio Version 17
VisualStudioVersion = 17.4.33205.214
MinimumVisualStudioVersion = 10.0.40219.1
Project("{FAE04EC0-301F-11D3-BF4B-00C04F79EFBC}") = "Aufgabe_05", "Aufgabe_05\Aufgabe_05.csproj", "{40340E94-6A3B-4238-9D12-BB7576AF100A}"
EndProject
Global
	GlobalSection(SolutionConfigurationPlatforms) = preSolution
		Debug|Any CPU = Debug|Any CPU
		Release|Any CPU = Release|Any CPU
	EndGlobalSection
	GlobalSection(ProjectConfigurationPlatforms) = postSolution
		{40340E94-6A3B-4238-9D12-BB7576AF100A}.Debug|Any CPU.ActiveCfg = Debug|Any CPU
		{40340E94-6A3B-4238-9D12-BB7576AF100A}.Debug|Any CPU.Build.0 = Debug|Any CPU
		{40340E94-6A3B-4238-9D12-BB7576AF100A}.Release|Any CPU.ActiveCfg = Release|Any CPU
		{40340E94-6A3B-4238-9D12-BB7576AF100A}.Release|Any CPU.Build.0 = Release|Any CPU
	EndGlobalSection
	GlobalSection(SolutionProperties) = preSolution
		HideSolutionNode = FALSE
	EndGlobalSection
	GlobalSection(ExtensibilityGlobals) = postSolution
		SolutionGuid = {2F8B0ECF-5FBE-4DE3-9255-FAF343900664}
	EndGlobalSection
EndGlobal
